
Microsoft Visual Studio Solution File, Format Version 12.00
# Visual Studio Version 16
VisualStudioVersion = 16.0.30611.23
MinimumVisualStudioVersion = 10.0.40219.1
Project("{FAE04EC0-301F-11D3-BF4B-00C04F79EFBC}") = "Area51", "Area51\Area51.csproj", "{7357CE57-89B9-44FE-9E9A-121A2D8DC596}"
EndProject
Project("{FAE04EC0-301F-11D3-BF4B-00C04F79EFBC}") = "Area51.Tests", "Area51.Tests\Area51.Tests.csproj", "{1D320CF3-1845-4F51-8521-80B74579C098}"
EndProject
Global
	GlobalSection(SolutionConfigurationPlatforms) = preSolution
		Debug|Any CPU = Debug|Any CPU
		Release|Any CPU = Release|Any CPU
	EndGlobalSection
	GlobalSection(ProjectConfigurationPlatforms) = postSolution
		{7357CE57-89B9-44FE-9E9A-121A2D8DC596}.Debug|Any CPU.ActiveCfg = Debug|Any CPU
		{7357CE57-89B9-44FE-9E9A-121A2D8DC596}.Debug|Any CPU.Build.0 = Debug|Any CPU
		{7357CE57-89B9-44FE-9E9A-121A2D8DC596}.Release|Any CPU.ActiveCfg = Release|Any CPU
		{7357CE57-89B9-44FE-9E9A-121A2D8DC596}.Release|Any CPU.Build.0 = Release|Any CPU
		{1D320CF3-1845-4F51-8521-80B74579C098}.Debug|Any CPU.ActiveCfg = Debug|Any CPU
		{1D320CF3-1845-4F51-8521-80B74579C098}.Debug|Any CPU.Build.0 = Debug|Any CPU
		{1D320CF3-1845-4F51-8521-80B74579C098}.Release|Any CPU.ActiveCfg = Release|Any CPU
		{1D320CF3-1845-4F51-8521-80B74579C098}.Release|Any CPU.Build.0 = Release|Any CPU
	EndGlobalSection
	GlobalSection(SolutionProperties) = preSolution
		HideSolutionNode = FALSE
	EndGlobalSection
	GlobalSection(ExtensibilityGlobals) = postSolution
		SolutionGuid = {A788581E-6F48-407F-866D-FB4F359BA333}
	EndGlobalSection
EndGlobal
